
Microsoft Visual Studio Solution File, Format Version 12.00
# Visual Studio 14
VisualStudioVersion = 14.0.25420.1
MinimumVisualStudioVersion = 10.0.40219.1
Project("{FAE04EC0-301F-11D3-BF4B-00C04F79EFBC}") = "LabMdiForm", "LabMdiForm\LabMdiForm.csproj", "{B5E21FB5-FE41-42D4-99ED-B1C1553CFBC5}"
EndProject
Project("{FAE04EC0-301F-11D3-BF4B-00C04F79EFBC}") = "ZedGraph", "ZedGraph\ZedGraph.csproj", "{B99650EE-AF46-47B4-A4A9-212ADE7809B7}"
EndProject
Project("{FAE04EC0-301F-11D3-BF4B-00C04F79EFBC}") = "UserControlPlus", "UserControlPlus\UserControlPlus.csproj", "{E54A51A6-A054-4F21-AC22-A827B5EF4D36}"
EndProject
Project("{FAE04EC0-301F-11D3-BF4B-00C04F79EFBC}") = "UserGenFunc", "UserGenFunc\UserGenFunc.csproj", "{C64AEEA0-7A08-4786-9F1E-BD66608E190E}"
EndProject
Project("{FAE04EC0-301F-11D3-BF4B-00C04F79EFBC}") = "PreMakeToVSProject", "PreMakeToVSProject\PreMakeToVSProject.csproj", "{80362684-4FF9-4A5D-815E-DE9AA8C7BF57}"
EndProject
Project("{FAE04EC0-301F-11D3-BF4B-00C04F79EFBC}") = "COMMPort", "COMMPort\COMMPort.csproj", "{D0CCF96A-1633-46E8-B57D-F2A4E75DF1A9}"
EndProject
Global
	GlobalSection(SolutionConfigurationPlatforms) = preSolution
		Debug|Any CPU = Debug|Any CPU
		Release|Any CPU = Release|Any CPU
	EndGlobalSection
	GlobalSection(ProjectConfigurationPlatforms) = postSolution
		{B5E21FB5-FE41-42D4-99ED-B1C1553CFBC5}.Debug|Any CPU.ActiveCfg = Debug|Any CPU
		{B5E21FB5-FE41-42D4-99ED-B1C1553CFBC5}.Debug|Any CPU.Build.0 = Debug|Any CPU
		{B5E21FB5-FE41-42D4-99ED-B1C1553CFBC5}.Release|Any CPU.ActiveCfg = Release|Any CPU
		{B5E21FB5-FE41-42D4-99ED-B1C1553CFBC5}.Release|Any CPU.Build.0 = Release|Any CPU
		{B99650EE-AF46-47B4-A4A9-212ADE7809B7}.Debug|Any CPU.ActiveCfg = Debug|Any CPU
		{B99650EE-AF46-47B4-A4A9-212ADE7809B7}.Debug|Any CPU.Build.0 = Debug|Any CPU
		{B99650EE-AF46-47B4-A4A9-212ADE7809B7}.Release|Any CPU.ActiveCfg = Release|Any CPU
		{B99650EE-AF46-47B4-A4A9-212ADE7809B7}.Release|Any CPU.Build.0 = Release|Any CPU
		{E54A51A6-A054-4F21-AC22-A827B5EF4D36}.Debug|Any CPU.ActiveCfg = Debug|Any CPU
		{E54A51A6-A054-4F21-AC22-A827B5EF4D36}.Debug|Any CPU.Build.0 = Debug|Any CPU
		{E54A51A6-A054-4F21-AC22-A827B5EF4D36}.Release|Any CPU.ActiveCfg = Release|Any CPU
		{E54A51A6-A054-4F21-AC22-A827B5EF4D36}.Release|Any CPU.Build.0 = Release|Any CPU
		{C64AEEA0-7A08-4786-9F1E-BD66608E190E}.Debug|Any CPU.ActiveCfg = Debug|Any CPU
		{C64AEEA0-7A08-4786-9F1E-BD66608E190E}.Debug|Any CPU.Build.0 = Debug|Any CPU
		{C64AEEA0-7A08-4786-9F1E-BD66608E190E}.Release|Any CPU.ActiveCfg = Release|Any CPU
		{C64AEEA0-7A08-4786-9F1E-BD66608E190E}.Release|Any CPU.Build.0 = Release|Any CPU
		{80362684-4FF9-4A5D-815E-DE9AA8C7BF57}.Debug|Any CPU.ActiveCfg = Debug|Any CPU
		{80362684-4FF9-4A5D-815E-DE9AA8C7BF57}.Debug|Any CPU.Build.0 = Debug|Any CPU
		{80362684-4FF9-4A5D-815E-DE9AA8C7BF57}.Release|Any CPU.ActiveCfg = Release|Any CPU
		{80362684-4FF9-4A5D-815E-DE9AA8C7BF57}.Release|Any CPU.Build.0 = Release|Any CPU
		{D0CCF96A-1633-46E8-B57D-F2A4E75DF1A9}.Debug|Any CPU.ActiveCfg = Debug|Any CPU
		{D0CCF96A-1633-46E8-B57D-F2A4E75DF1A9}.Debug|Any CPU.Build.0 = Debug|Any CPU
		{D0CCF96A-1633-46E8-B57D-F2A4E75DF1A9}.Release|Any CPU.ActiveCfg = Release|Any CPU
		{D0CCF96A-1633-46E8-B57D-F2A4E75DF1A9}.Release|Any CPU.Build.0 = Release|Any CPU
	EndGlobalSection
	GlobalSection(SolutionProperties) = preSolution
		HideSolutionNode = FALSE
	EndGlobalSection
EndGlobal
